{
    "_readme": [
        "This file locks the dependencies of your project to a known state",
        "Read more about it at https://getcomposer.org/doc/01-basic-usage.md#installing-dependencies",
        "This file is @generated automatically"
    ],
    "content-hash": "5182ee6dc6b011a95866cfdd24c2868f",
    "packages": [
        {
            "name": "lcobucci/jwt",
            "version": "3.3.3",
            "source": {
                "type": "git",
                "url": "https://github.com/lcobucci/jwt.git",
                "reference": "c1123697f6a2ec29162b82f170dd4a491f524773"
            },
            "dist": {
                "type": "zip",
                "url": "https://api.github.com/repos/lcobucci/jwt/zipball/c1123697f6a2ec29162b82f170dd4a491f524773",
                "reference": "c1123697f6a2ec29162b82f170dd4a491f524773",
                "shasum": ""
            },
            "require": {
                "ext-mbstring": "*",
                "ext-openssl": "*",
                "php": "^5.6 || ^7.0"
            },
            "require-dev": {
                "mikey179/vfsstream": "~1.5",
                "phpmd/phpmd": "~2.2",
                "phpunit/php-invoker": "~1.1",
                "phpunit/phpunit": "^5.7 || ^7.3",
                "squizlabs/php_codesniffer": "~2.3"
            },
            "type": "library",
            "extra": {
                "branch-alias": {
                    "dev-master": "3.1-dev"
                }
            },
            "autoload": {
                "psr-4": {
                    "Lcobucci\\JWT\\": "src"
                }
            },
            "notification-url": "https://packagist.org/downloads/",
            "license": [
                "BSD-3-Clause"
            ],
            "authors": [
                {
                    "name": "Luís Otávio Cobucci Oblonczyk",
                    "email": "lcobucci@gmail.com",
                    "role": "Developer"
                }
            ],
            "description": "A simple library to work with JSON Web Token and JSON Web Signature",
            "keywords": [
                "JWS",
                "jwt"
            ],
            "support": {
                "issues": "https://github.com/lcobucci/jwt/issues",
                "source": "https://github.com/lcobucci/jwt/tree/3.3.3"
            },
            "funding": [
                {
                    "url": "https://github.com/lcobucci",
                    "type": "github"
                },
                {
                    "url": "https://www.patreon.com/lcobucci",
                    "type": "patreon"
                }
            ],
            "time": "2020-08-20T13:22:28+00:00"
        },
        {
            "name": "mihanentalpo/fast-fuzzy-search",
            "version": "v0.2.4",
            "source": {
                "type": "git",
                "url": "https://github.com/MihanEntalpo/FastFuzzySearch.git",
                "reference": "9eb3b00f1e97866f39f95efdbdf9af94df9b7772"
            },
            "dist": {
                "type": "zip",
                "url": "https://api.github.com/repos/MihanEntalpo/FastFuzzySearch/zipball/9eb3b00f1e97866f39f95efdbdf9af94df9b7772",
                "reference": "9eb3b00f1e97866f39f95efdbdf9af94df9b7772",
                "shasum": ""
            },
            "require": {
                "php": "^5.3.5 || ^7.0"
            },
            "type": "library",
            "autoload": {
                "psr-4": {
                    "Mihanentalpo\\FastFuzzySearch\\": "src/"
                }
            },
            "notification-url": "https://packagist.org/downloads/",
            "license": [
                "MIT"
            ],
            "authors": [
                {
                    "name": "Mikhail Rubin",
                    "email": "mihanentalpo@yandex.ru",
                    "homepage": "https://mihanentalpo.me",
                    "role": "Developer"
                }
            ],
            "description": "Fast fuzzy search in an array of strings for the most similiar ones",
            "keywords": [
                "compare",
                "fuzzy",
                "search"
            ],
            "support": {
                "issues": "https://github.com/MihanEntalpo/FastFuzzySearch/issues",
                "source": "https://github.com/MihanEntalpo/FastFuzzySearch/tree/v0.2.4"
            },
            "time": "2017-08-20T13:58:49+00:00"
        }
    ],
    "packages-dev": [],
    "aliases": [],
    "minimum-stability": "stable",
    "stability-flags": [],
    "prefer-stable": false,
    "prefer-lowest": false,
    "platform": [],
    "platform-dev": [],
    "plugin-api-version": "2.0.0"
}
